// !$*UTF8*$!
{
	archiveVersion = 1;
	classes = {
	};
	objectVersion = 45;
	objects = {

/* Begin PBXBuildFile section */
		1D60589B0D05DD56006BFB54 /* main.m in Sources */ = {isa = PBXBuildFile; fileRef = 29B97316FDCFA39411CA2CEA /* main.m */; };
		1D60589F0D05DD5A006BFB54 /* Foundation.framework in Frameworks */ = {isa = PBXBuildFile; fileRef = 1D30AB110D05D00D00671497 /* Foundation.framework */; };
		1DF5F4E00D08C38300B7A737 /* UIKit.framework in Frameworks */ = {isa = PBXBuildFile; fileRef = 1DF5F4DF0D08C38300B7A737 /* UIKit.framework */; };
		2801C35B11CA9F1A00E664E8 /* PreferencesViewController.m in Sources */ = {isa = PBXBuildFile; fileRef = 2801C35A11CA9F1A00E664E8 /* PreferencesViewController.m */; };
		281D1BA511D66E3C006BE21C /* Identity.m in Sources */ = {isa = PBXBuildFile; fileRef = 281D1BA411D66E3C006BE21C /* Identity.m */; };
		281EF08811CD721D001C6B73 /* AdvancedAudioPreferencesViewController.m in Sources */ = {isa = PBXBuildFile; fileRef = 281EF08711CD721D001C6B73 /* AdvancedAudioPreferencesViewController.m */; };
		2830A18C11CE983B00970A41 /* DiagnosticsViewController.m in Sources */ = {isa = PBXBuildFile; fileRef = 2830A18B11CE983B00970A41 /* DiagnosticsViewController.m */; };
		2858DBA31233E31B000D6F75 /* VersionChecker.m in Sources */ = {isa = PBXBuildFile; fileRef = 2858DBA21233E31B000D6F75 /* VersionChecker.m */; };
		285C9E96116BEE1500A9A6A7 /* MainWindow-iPad.xib in Resources */ = {isa = PBXBuildFile; fileRef = 285C9E95116BEE1500A9A6A7 /* MainWindow-iPad.xib */; };
		285C9EF2116BF5B100A9A6A7 /* WelcomeScreenPad.m in Sources */ = {isa = PBXBuildFile; fileRef = 285C9EF0116BF5B100A9A6A7 /* WelcomeScreenPad.m */; };
		285C9EF3116BF5B100A9A6A7 /* WelcomeScreenPad.xib in Resources */ = {isa = PBXBuildFile; fileRef = 285C9EF1116BF5B100A9A6A7 /* WelcomeScreenPad.xib */; };
		2861C274116BE905002B8514 /* AboutViewController.m in Sources */ = {isa = PBXBuildFile; fileRef = 2861C25B116BE905002B8514 /* AboutViewController.m */; };
		2861C275116BE905002B8514 /* AboutViewController.xib in Resources */ = {isa = PBXBuildFile; fileRef = 2861C25C116BE905002B8514 /* AboutViewController.xib */; };
		2861C276116BE905002B8514 /* AppDelegate.m in Sources */ = {isa = PBXBuildFile; fileRef = 2861C25E116BE905002B8514 /* AppDelegate.m */; };
		2861C27A116BE905002B8514 /* PDFImageLoader.m in Sources */ = {isa = PBXBuildFile; fileRef = 2861C265116BE905002B8514 /* PDFImageLoader.m */; };
		2861C27B116BE905002B8514 /* PublicServerList.m in Sources */ = {isa = PBXBuildFile; fileRef = 2861C267116BE905002B8514 /* PublicServerList.m */; };
		2861C27C116BE905002B8514 /* PublicServerListController.m in Sources */ = {isa = PBXBuildFile; fileRef = 2861C269116BE905002B8514 /* PublicServerListController.m */; };
		2861C27D116BE905002B8514 /* PublicServerListController.xib in Resources */ = {isa = PBXBuildFile; fileRef = 2861C26A116BE905002B8514 /* PublicServerListController.xib */; };
		2861C27E116BE905002B8514 /* ServerViewController.m in Sources */ = {isa = PBXBuildFile; fileRef = 2861C26C116BE905002B8514 /* ServerViewController.m */; };
		2861C27F116BE905002B8514 /* ServerViewController.xib in Resources */ = {isa = PBXBuildFile; fileRef = 2861C26D116BE905002B8514 /* ServerViewController.xib */; };
		2861C281116BE905002B8514 /* WelcomeScreenPhone.m in Sources */ = {isa = PBXBuildFile; fileRef = 2861C271116BE905002B8514 /* WelcomeScreenPhone.m */; };
		2861C282116BE905002B8514 /* WelcomeScreenPhone.xib in Resources */ = {isa = PBXBuildFile; fileRef = 2861C272116BE905002B8514 /* WelcomeScreenPhone.xib */; };
		2861C2AE116BE9B5002B8514 /* AudioToolbox.framework in Frameworks */ = {isa = PBXBuildFile; fileRef = 2861C2AD116BE9B5002B8514 /* AudioToolbox.framework */; };
		2861C2B2116BE9B7002B8514 /* CFNetwork.framework in Frameworks */ = {isa = PBXBuildFile; fileRef = 2861C2B1116BE9B7002B8514 /* CFNetwork.framework */; };
		2861C2B6116BE9BA002B8514 /* Security.framework in Frameworks */ = {isa = PBXBuildFile; fileRef = 2861C2B5116BE9BA002B8514 /* Security.framework */; };
		2861C3E5116BEA12002B8514 /* Contributors.html in Resources */ = {isa = PBXBuildFile; fileRef = 2861C2BC116BEA11002B8514 /* Contributors.html */; };
		2861C3E6116BEA12002B8514 /* Legal.html in Resources */ = {isa = PBXBuildFile; fileRef = 2861C2BD116BEA11002B8514 /* Legal.html */; };
		2861C3E7116BEA12002B8514 /* authenticated.pdf in Resources */ = {isa = PBXBuildFile; fileRef = 2861C2BF116BEA11002B8514 /* authenticated.pdf */; };
		2861C3E8116BEA12002B8514 /* channel.pdf in Resources */ = {isa = PBXBuildFile; fileRef = 2861C2C0116BEA11002B8514 /* channel.pdf */; };
		2861C3E9116BEA12002B8514 /* channel_active.pdf in Resources */ = {isa = PBXBuildFile; fileRef = 2861C2C1116BEA11002B8514 /* channel_active.pdf */; };
		2861C3EA116BEA12002B8514 /* channel_linked.pdf in Resources */ = {isa = PBXBuildFile; fileRef = 2861C2C2116BEA11002B8514 /* channel_linked.pdf */; };
		2861C3EB116BEA12002B8514 /* comment.pdf in Resources */ = {isa = PBXBuildFile; fileRef = 2861C2C3116BEA11002B8514 /* comment.pdf */; };
		2861C3EC116BEA12002B8514 /* comment_seen.pdf in Resources */ = {isa = PBXBuildFile; fileRef = 2861C2C4116BEA11002B8514 /* comment_seen.pdf */; };
		2861C3ED116BEA12002B8514 /* deafened_self.pdf in Resources */ = {isa = PBXBuildFile; fileRef = 2861C2C5116BEA11002B8514 /* deafened_self.pdf */; };
		2861C3EE116BEA12002B8514 /* deafened_server.pdf in Resources */ = {isa = PBXBuildFile; fileRef = 2861C2C6116BEA11002B8514 /* deafened_server.pdf */; };
		2861C3EF116BEA12002B8514 /* Default.png in Resources */ = {isa = PBXBuildFile; fileRef = 2861C2C7116BEA11002B8514 /* Default.png */; };
		2861C4E2116BEA12002B8514 /* icon.png in Resources */ = {isa = PBXBuildFile; fileRef = 2861C3BB116BEA11002B8514 /* icon.png */; };
		2861C4E3116BEA12002B8514 /* layout_classic.pdf in Resources */ = {isa = PBXBuildFile; fileRef = 2861C3BC116BEA11002B8514 /* layout_classic.pdf */; };
		2861C4E4116BEA12002B8514 /* layout_custom.pdf in Resources */ = {isa = PBXBuildFile; fileRef = 2861C3BD116BEA11002B8514 /* layout_custom.pdf */; };
		2861C4E5116BEA12002B8514 /* layout_hybrid.pdf in Resources */ = {isa = PBXBuildFile; fileRef = 2861C3BE116BEA11002B8514 /* layout_hybrid.pdf */; };
		2861C4E6116BEA12002B8514 /* layout_stacked.pdf in Resources */ = {isa = PBXBuildFile; fileRef = 2861C3BF116BEA11002B8514 /* layout_stacked.pdf */; };
		2861C4E7116BEA12002B8514 /* mumble.pdf in Resources */ = {isa = PBXBuildFile; fileRef = 2861C3C0116BEA11002B8514 /* mumble.pdf */; };
		2861C4E8116BEA12002B8514 /* muted_local.pdf in Resources */ = {isa = PBXBuildFile; fileRef = 2861C3C1116BEA11002B8514 /* muted_local.pdf */; };
		2861C4E9116BEA12002B8514 /* muted_self.pdf in Resources */ = {isa = PBXBuildFile; fileRef = 2861C3C2116BEA11002B8514 /* muted_self.pdf */; };
		2861C4EA116BEA12002B8514 /* muted_server.pdf in Resources */ = {isa = PBXBuildFile; fileRef = 2861C3C3116BEA11002B8514 /* muted_server.pdf */; };
		2861C4EB116BEA12002B8514 /* muted_suppressed.pdf in Resources */ = {isa = PBXBuildFile; fileRef = 2861C3C4116BEA11002B8514 /* muted_suppressed.pdf */; };
		2861C4EC116BEA12002B8514 /* rec.pdf in Resources */ = {isa = PBXBuildFile; fileRef = 2861C3C5116BEA11002B8514 /* rec.pdf */; };
		2861C4ED116BEA12002B8514 /* authenticated.svg in Resources */ = {isa = PBXBuildFile; fileRef = 2861C3C7116BEA11002B8514 /* authenticated.svg */; };
		2861C4EE116BEA12002B8514 /* channel.svg in Resources */ = {isa = PBXBuildFile; fileRef = 2861C3C8116BEA11002B8514 /* channel.svg */; };
		2861C4EF116BEA12002B8514 /* channel_active.svg in Resources */ = {isa = PBXBuildFile; fileRef = 2861C3C9116BEA11002B8514 /* channel_active.svg */; };
		2861C4F0116BEA12002B8514 /* channel_linked.svg in Resources */ = {isa = PBXBuildFile; fileRef = 2861C3CA116BEA11002B8514 /* channel_linked.svg */; };
		2861C4F1116BEA12002B8514 /* comment.svg in Resources */ = {isa = PBXBuildFile; fileRef = 2861C3CB116BEA11002B8514 /* comment.svg */; };
		2861C4F2116BEA12002B8514 /* comment_seen.svg in Resources */ = {isa = PBXBuildFile; fileRef = 2861C3CC116BEA11002B8514 /* comment_seen.svg */; };
		2861C4F3116BEA12002B8514 /* deafened_self.svg in Resources */ = {isa = PBXBuildFile; fileRef = 2861C3CD116BEA11002B8514 /* deafened_self.svg */; };
		2861C4F4116BEA12002B8514 /* deafened_server.svg in Resources */ = {isa = PBXBuildFile; fileRef = 2861C3CE116BEA12002B8514 /* deafened_server.svg */; };
		2861C4F5116BEA12002B8514 /* layout_classic.svg in Resources */ = {isa = PBXBuildFile; fileRef = 2861C3CF116BEA12002B8514 /* layout_classic.svg */; };
		2861C4F6116BEA12002B8514 /* layout_custom.svg in Resources */ = {isa = PBXBuildFile; fileRef = 2861C3D0116BEA12002B8514 /* layout_custom.svg */; };
		2861C4F7116BEA12002B8514 /* layout_hybrid.svg in Resources */ = {isa = PBXBuildFile; fileRef = 2861C3D1116BEA12002B8514 /* layout_hybrid.svg */; };
		2861C4F8116BEA12002B8514 /* layout_stacked.svg in Resources */ = {isa = PBXBuildFile; fileRef = 2861C3D2116BEA12002B8514 /* layout_stacked.svg */; };
		2861C4F9116BEA12002B8514 /* mumble.svg in Resources */ = {isa = PBXBuildFile; fileRef = 2861C3D3116BEA12002B8514 /* mumble.svg */; };
		2861C4FA116BEA12002B8514 /* muted_local.svg in Resources */ = {isa = PBXBuildFile; fileRef = 2861C3D4116BEA12002B8514 /* muted_local.svg */; };
		2861C4FB116BEA12002B8514 /* muted_self.svg in Resources */ = {isa = PBXBuildFile; fileRef = 2861C3D5116BEA12002B8514 /* muted_self.svg */; };
		2861C4FC116BEA12002B8514 /* muted_server.svg in Resources */ = {isa = PBXBuildFile; fileRef = 2861C3D6116BEA12002B8514 /* muted_server.svg */; };
		2861C4FD116BEA12002B8514 /* muted_suppressed.svg in Resources */ = {isa = PBXBuildFile; fileRef = 2861C3D7116BEA12002B8514 /* muted_suppressed.svg */; };
		2861C4FE116BEA12002B8514 /* README in Resources */ = {isa = PBXBuildFile; fileRef = 2861C3D8116BEA12002B8514 /* README */; };
		2861C4FF116BEA12002B8514 /* rec.svg in Resources */ = {isa = PBXBuildFile; fileRef = 2861C3D9116BEA12002B8514 /* rec.svg */; };
		2861C500116BEA12002B8514 /* talking_alt.svg in Resources */ = {isa = PBXBuildFile; fileRef = 2861C3DA116BEA12002B8514 /* talking_alt.svg */; };
		2861C501116BEA12002B8514 /* talking_off.svg in Resources */ = {isa = PBXBuildFile; fileRef = 2861C3DB116BEA12002B8514 /* talking_off.svg */; };
		2861C502116BEA12002B8514 /* talking_on.svg in Resources */ = {isa = PBXBuildFile; fileRef = 2861C3DC116BEA12002B8514 /* talking_on.svg */; };
		2861C503116BEA12002B8514 /* talking_whisper.svg in Resources */ = {isa = PBXBuildFile; fileRef = 2861C3DD116BEA12002B8514 /* talking_whisper.svg */; };
		2861C504116BEA12002B8514 /* talking_alt.pdf in Resources */ = {isa = PBXBuildFile; fileRef = 2861C3DE116BEA12002B8514 /* talking_alt.pdf */; };
		2861C505116BEA12002B8514 /* talking_off.pdf in Resources */ = {isa = PBXBuildFile; fileRef = 2861C3DF116BEA12002B8514 /* talking_off.pdf */; };
		2861C506116BEA12002B8514 /* talking_on.pdf in Resources */ = {isa = PBXBuildFile; fileRef = 2861C3E0116BEA12002B8514 /* talking_on.pdf */; };
		2861C507116BEA12002B8514 /* talking_whisper.pdf in Resources */ = {isa = PBXBuildFile; fileRef = 2861C3E1116BEA12002B8514 /* talking_whisper.pdf */; };
		2861C508116BEA12002B8514 /* Continents.plist in Resources */ = {isa = PBXBuildFile; fileRef = 2861C3E3116BEA12002B8514 /* Continents.plist */; };
		2861C509116BEA12002B8514 /* Countries.plist in Resources */ = {isa = PBXBuildFile; fileRef = 2861C3E4116BEA12002B8514 /* Countries.plist */; };
		2876394911D28945009DB8B6 /* IdentityViewController.m in Resources */ = {isa = PBXBuildFile; fileRef = 2876394811D28945009DB8B6 /* IdentityViewController.m */; };
		2876396711D28A25009DB8B6 /* IdentityViewController.m in Sources */ = {isa = PBXBuildFile; fileRef = 2876394811D28945009DB8B6 /* IdentityViewController.m */; };
		2876398611D28BA8009DB8B6 /* IdentityCreationViewController.m in Sources */ = {isa = PBXBuildFile; fileRef = 2876398511D28BA8009DB8B6 /* IdentityCreationViewController.m */; };
		287639F911D29D99009DB8B6 /* IdentityCreationProgressView.m in Sources */ = {isa = PBXBuildFile; fileRef = 287639F811D29D99009DB8B6 /* IdentityCreationProgressView.m */; };
		287639FF11D2A242009DB8B6 /* IdentityCreationProgressView.xib in Resources */ = {isa = PBXBuildFile; fileRef = 287639FE11D2A242009DB8B6 /* IdentityCreationProgressView.xib */; };
		28763A4511D2AA91009DB8B6 /* QuartzCore.framework in Frameworks */ = {isa = PBXBuildFile; fileRef = 28763A4411D2AA91009DB8B6 /* QuartzCore.framework */; };
		28763A9511D2B056009DB8B6 /* DefaultAvatar.png in Resources */ = {isa = PBXBuildFile; fileRef = 28763A9411D2B056009DB8B6 /* DefaultAvatar.png */; };
		28763AE411D2B77E009DB8B6 /* UINavigationController-AnimationAdditions.m in Sources */ = {isa = PBXBuildFile; fileRef = 28763AE311D2B77E009DB8B6 /* UINavigationController-AnimationAdditions.m */; };
		287852DB117BC866009E26B1 /* ServerRootViewController.m in Sources */ = {isa = PBXBuildFile; fileRef = 287852DA117BC866009E26B1 /* ServerRootViewController.m */; };
		287A60581176201E00DD4FFB /* ChannelViewController.m in Resources */ = {isa = PBXBuildFile; fileRef = 287A60561176201E00DD4FFB /* ChannelViewController.m */; };
		287A60591176201E00DD4FFB /* ChannelViewController.xib in Resources */ = {isa = PBXBuildFile; fileRef = 287A60571176201E00DD4FFB /* ChannelViewController.xib */; };
		287A60AA117628FE00DD4FFB /* ChannelViewController.m in Sources */ = {isa = PBXBuildFile; fileRef = 287A60561176201E00DD4FFB /* ChannelViewController.m */; };
		287BA29011B96C960010E031 /* Database.m in Sources */ = {isa = PBXBuildFile; fileRef = 287BA28F11B96C960010E031 /* Database.m */; };
		287BA33B11B97C470010E031 /* FavouriteServer.m in Sources */ = {isa = PBXBuildFile; fileRef = 287BA33A11B97C470010E031 /* FavouriteServer.m */; };
		287BA34011B97EEE0010E031 /* FavouriteServerListController.m in Sources */ = {isa = PBXBuildFile; fileRef = 287BA33F11B97EEE0010E031 /* FavouriteServerListController.m */; };
		287BA3A611B996D90010E031 /* FavouriteServerEditViewController.m in Sources */ = {isa = PBXBuildFile; fileRef = 287BA3A511B996D90010E031 /* FavouriteServerEditViewController.m */; };
		287BA42B11B9A1DB0010E031 /* TableViewTextFieldCell.m in Sources */ = {isa = PBXBuildFile; fileRef = 287BA42A11B9A1DB0010E031 /* TableViewTextFieldCell.m */; };
		288765FD0DF74451002DB57D /* CoreGraphics.framework in Frameworks */ = {isa = PBXBuildFile; fileRef = 288765FC0DF74451002DB57D /* CoreGraphics.framework */; };
		289D254C11BC28BC00E39F2C /* LanServerListController.m in Sources */ = {isa = PBXBuildFile; fileRef = 289D254B11BC28BC00E39F2C /* LanServerListController.m */; };
		28A4CCD3117E064B006EB479 /* LogViewController.m in Sources */ = {isa = PBXBuildFile; fileRef = 28A4CCD2117E064B006EB479 /* LogViewController.m */; };
		28A4CCF5117E1D4D006EB479 /* LogEntry.m in Sources */ = {isa = PBXBuildFile; fileRef = 28A4CCF4117E1D4D006EB479 /* LogEntry.m */; };
		28AD733F0D9D9553002E5188 /* MainWindow.xib in Resources */ = {isa = PBXBuildFile; fileRef = 28AD733E0D9D9553002E5188 /* MainWindow.xib */; };
		28B436F411C3B18C00EBFD11 /* libMumbleKit.a in Frameworks */ = {isa = PBXBuildFile; fileRef = 2861C2A7116BE91B002B8514 /* libMumbleKit.a */; };
		28C6EF0A11BBF38100E426C8 /* CountryServerListController.m in Sources */ = {isa = PBXBuildFile; fileRef = 28C6EF0911BBF38100E426C8 /* CountryServerListController.m */; };
		28F8B04511D97E0B006EFCBC /* sqlite3.c in Sources */ = {isa = PBXBuildFile; fileRef = 28F8B04211D97E0B006EFCBC /* sqlite3.c */; };
		28F9174811B946250030D649 /* FMDatabase.m in Sources */ = {isa = PBXBuildFile; fileRef = 28F9174211B946250030D649 /* FMDatabase.m */; };
		28F9174911B946250030D649 /* FMDatabaseAdditions.m in Sources */ = {isa = PBXBuildFile; fileRef = 28F9174411B946250030D649 /* FMDatabaseAdditions.m */; };
		28F9174B11B946250030D649 /* FMResultSet.m in Sources */ = {isa = PBXBuildFile; fileRef = 28F9174711B946250030D649 /* FMResultSet.m */; };
/* End PBXBuildFile section */

/* Begin PBXContainerItemProxy section */
		2809ABAE11BFC524006BCD26 /* PBXContainerItemProxy */ = {
			isa = PBXContainerItemProxy;
			containerPortal = 2861C28E116BE91B002B8514 /* MumbleKit.xcodeproj */;
			proxyType = 2;
			remoteGlobalIDString = 28D81E9311BFC22F0037D2C6;
			remoteInfo = "MumbleKit (Mac OS X)";
		};
		2861C2A6116BE91B002B8514 /* PBXContainerItemProxy */ = {
			isa = PBXContainerItemProxy;
			containerPortal = 2861C28E116BE91B002B8514 /* MumbleKit.xcodeproj */;
			proxyType = 2;
			remoteGlobalIDString = 28D1E663115018A800469C69;
			remoteInfo = MumbleKit;
		};
		2861C2A8116BE920002B8514 /* PBXContainerItemProxy */ = {
			isa = PBXContainerItemProxy;
			containerPortal = 2861C28E116BE91B002B8514 /* MumbleKit.xcodeproj */;
			proxyType = 1;
			remoteGlobalIDString = D2AAC07D0554694100DB518D;
			remoteInfo = MumbleKit;
		};
/* End PBXContainerItemProxy section */

/* Begin PBXFileReference section */
		1D30AB110D05D00D00671497 /* Foundation.framework */ = {isa = PBXFileReference; lastKnownFileType = wrapper.framework; name = Foundation.framework; path = System/Library/Frameworks/Foundation.framework; sourceTree = SDKROOT; };
		1D6058910D05DD3D006BFB54 /* Mumble.app */ = {isa = PBXFileReference; explicitFileType = wrapper.application; includeInIndex = 0; path = Mumble.app; sourceTree = BUILT_PRODUCTS_DIR; };
		1DF5F4DF0D08C38300B7A737 /* UIKit.framework */ = {isa = PBXFileReference; lastKnownFileType = wrapper.framework; name = UIKit.framework; path = System/Library/Frameworks/UIKit.framework; sourceTree = SDKROOT; };
		2801C35911CA9F1A00E664E8 /* PreferencesViewController.h */ = {isa = PBXFileReference; fileEncoding = 4; lastKnownFileType = sourcecode.c.h; path = PreferencesViewController.h; sourceTree = "<group>"; };
		2801C35A11CA9F1A00E664E8 /* PreferencesViewController.m */ = {isa = PBXFileReference; fileEncoding = 4; lastKnownFileType = sourcecode.c.objc; path = PreferencesViewController.m; sourceTree = "<group>"; };
		281D1BA311D66E3C006BE21C /* Identity.h */ = {isa = PBXFileReference; fileEncoding = 4; lastKnownFileType = sourcecode.c.h; path = Identity.h; sourceTree = "<group>"; };
		281D1BA411D66E3C006BE21C /* Identity.m */ = {isa = PBXFileReference; fileEncoding = 4; lastKnownFileType = sourcecode.c.objc; path = Identity.m; sourceTree = "<group>"; };
		281EF08611CD721D001C6B73 /* AdvancedAudioPreferencesViewController.h */ = {isa = PBXFileReference; fileEncoding = 4; lastKnownFileType = sourcecode.c.h; path = AdvancedAudioPreferencesViewController.h; sourceTree = "<group>"; };
		281EF08711CD721D001C6B73 /* AdvancedAudioPreferencesViewController.m */ = {isa = PBXFileReference; fileEncoding = 4; lastKnownFileType = sourcecode.c.objc; path = AdvancedAudioPreferencesViewController.m; sourceTree = "<group>"; };
		2830A18A11CE983B00970A41 /* DiagnosticsViewController.h */ = {isa = PBXFileReference; fileEncoding = 4; lastKnownFileType = sourcecode.c.h; path = DiagnosticsViewController.h; sourceTree = "<group>"; };
		2830A18B11CE983B00970A41 /* DiagnosticsViewController.m */ = {isa = PBXFileReference; fileEncoding = 4; lastKnownFileType = sourcecode.c.objc; path = DiagnosticsViewController.m; sourceTree = "<group>"; };
		2858DBA11233E31B000D6F75 /* VersionChecker.h */ = {isa = PBXFileReference; fileEncoding = 4; lastKnownFileType = sourcecode.c.h; path = VersionChecker.h; sourceTree = "<group>"; };
		2858DBA21233E31B000D6F75 /* VersionChecker.m */ = {isa = PBXFileReference; fileEncoding = 4; lastKnownFileType = sourcecode.c.objc; path = VersionChecker.m; sourceTree = "<group>"; };
		285C9E95116BEE1500A9A6A7 /* MainWindow-iPad.xib */ = {isa = PBXFileReference; lastKnownFileType = file.xib; name = "MainWindow-iPad.xib"; path = "../../Resources-iPad/Source/MainWindow-iPad.xib"; sourceTree = "<group>"; };
		285C9EEF116BF5B100A9A6A7 /* WelcomeScreenPad.h */ = {isa = PBXFileReference; fileEncoding = 4; lastKnownFileType = sourcecode.c.h; path = WelcomeScreenPad.h; sourceTree = "<group>"; };
		285C9EF0116BF5B100A9A6A7 /* WelcomeScreenPad.m */ = {isa = PBXFileReference; fileEncoding = 4; lastKnownFileType = sourcecode.c.objc; path = WelcomeScreenPad.m; sourceTree = "<group>"; };
		285C9EF1116BF5B100A9A6A7 /* WelcomeScreenPad.xib */ = {isa = PBXFileReference; lastKnownFileType = file.xib; path = WelcomeScreenPad.xib; sourceTree = "<group>"; };
		2861C25A116BE905002B8514 /* AboutViewController.h */ = {isa = PBXFileReference; fileEncoding = 4; lastKnownFileType = sourcecode.c.h; path = AboutViewController.h; sourceTree = "<group>"; };
		2861C25B116BE905002B8514 /* AboutViewController.m */ = {isa = PBXFileReference; fileEncoding = 4; lastKnownFileType = sourcecode.c.objc; path = AboutViewController.m; sourceTree = "<group>"; };
		2861C25C116BE905002B8514 /* AboutViewController.xib */ = {isa = PBXFileReference; lastKnownFileType = file.xib; path = AboutViewController.xib; sourceTree = "<group>"; };
		2861C25D116BE905002B8514 /* AppDelegate.h */ = {isa = PBXFileReference; fileEncoding = 4; lastKnownFileType = sourcecode.c.h; path = AppDelegate.h; sourceTree = "<group>"; };
		2861C25E116BE905002B8514 /* AppDelegate.m */ = {isa = PBXFileReference; fileEncoding = 4; lastKnownFileType = sourcecode.c.objc; path = AppDelegate.m; sourceTree = "<group>"; };
		2861C25F116BE905002B8514 /* CountryServerListController.h */ = {isa = PBXFileReference; fileEncoding = 4; lastKnownFileType = sourcecode.c.h; path = CountryServerListController.h; sourceTree = "<group>"; };
		2861C264116BE905002B8514 /* PDFImageLoader.h */ = {isa = PBXFileReference; fileEncoding = 4; lastKnownFileType = sourcecode.c.h; path = PDFImageLoader.h; sourceTree = "<group>"; };
		2861C265116BE905002B8514 /* PDFImageLoader.m */ = {isa = PBXFileReference; fileEncoding = 4; lastKnownFileType = sourcecode.c.objc; path = PDFImageLoader.m; sourceTree = "<group>"; };
		2861C266116BE905002B8514 /* PublicServerList.h */ = {isa = PBXFileReference; fileEncoding = 4; lastKnownFileType = sourcecode.c.h; path = PublicServerList.h; sourceTree = "<group>"; };
		2861C267116BE905002B8514 /* PublicServerList.m */ = {isa = PBXFileReference; fileEncoding = 4; lastKnownFileType = sourcecode.c.objc; path = PublicServerList.m; sourceTree = "<group>"; };
		2861C268116BE905002B8514 /* PublicServerListController.h */ = {isa = PBXFileReference; fileEncoding = 4; lastKnownFileType = sourcecode.c.h; path = PublicServerListController.h; sourceTree = "<group>"; };
		2861C269116BE905002B8514 /* PublicServerListController.m */ = {isa = PBXFileReference; fileEncoding = 4; lastKnownFileType = sourcecode.c.objc; path = PublicServerListController.m; sourceTree = "<group>"; };
		2861C26A116BE905002B8514 /* PublicServerListController.xib */ = {isa = PBXFileReference; lastKnownFileType = file.xib; path = PublicServerListController.xib; sourceTree = "<group>"; };
		2861C26B116BE905002B8514 /* ServerViewController.h */ = {isa = PBXFileReference; fileEncoding = 4; lastKnownFileType = sourcecode.c.h; path = ServerViewController.h; sourceTree = "<group>"; };
		2861C26C116BE905002B8514 /* ServerViewController.m */ = {isa = PBXFileReference; fileEncoding = 4; lastKnownFileType = sourcecode.c.objc; path = ServerViewController.m; sourceTree = "<group>"; };
		2861C26D116BE905002B8514 /* ServerViewController.xib */ = {isa = PBXFileReference; lastKnownFileType = file.xib; path = ServerViewController.xib; sourceTree = "<group>"; };
		2861C270116BE905002B8514 /* WelcomeScreenPhone.h */ = {isa = PBXFileReference; fileEncoding = 4; lastKnownFileType = sourcecode.c.h; path = WelcomeScreenPhone.h; sourceTree = "<group>"; };
		2861C271116BE905002B8514 /* WelcomeScreenPhone.m */ = {isa = PBXFileReference; fileEncoding = 4; lastKnownFileType = sourcecode.c.objc; path = WelcomeScreenPhone.m; sourceTree = "<group>"; };
		2861C272116BE905002B8514 /* WelcomeScreenPhone.xib */ = {isa = PBXFileReference; lastKnownFileType = file.xib; path = WelcomeScreenPhone.xib; sourceTree = "<group>"; };
		2861C28E116BE91B002B8514 /* MumbleKit.xcodeproj */ = {isa = PBXFileReference; lastKnownFileType = "wrapper.pb-project"; name = MumbleKit.xcodeproj; path = MumbleKit/MumbleKit.xcodeproj; sourceTree = "<group>"; };
		2861C2AD116BE9B5002B8514 /* AudioToolbox.framework */ = {isa = PBXFileReference; lastKnownFileType = wrapper.framework; name = AudioToolbox.framework; path = System/Library/Frameworks/AudioToolbox.framework; sourceTree = SDKROOT; };
		2861C2B1116BE9B7002B8514 /* CFNetwork.framework */ = {isa = PBXFileReference; lastKnownFileType = wrapper.framework; name = CFNetwork.framework; path = System/Library/Frameworks/CFNetwork.framework; sourceTree = SDKROOT; };
		2861C2B5116BE9BA002B8514 /* Security.framework */ = {isa = PBXFileReference; lastKnownFileType = wrapper.framework; name = Security.framework; path = System/Library/Frameworks/Security.framework; sourceTree = SDKROOT; };
		2861C2BC116BEA11002B8514 /* Contributors.html */ = {isa = PBXFileReference; fileEncoding = 4; lastKnownFileType = text.html; path = Contributors.html; sourceTree = "<group>"; };
		2861C2BD116BEA11002B8514 /* Legal.html */ = {isa = PBXFileReference; fileEncoding = 4; lastKnownFileType = text.html; path = Legal.html; sourceTree = "<group>"; };
		2861C2BF116BEA11002B8514 /* authenticated.pdf */ = {isa = PBXFileReference; lastKnownFileType = image.pdf; path = authenticated.pdf; sourceTree = "<group>"; };
		2861C2C0116BEA11002B8514 /* channel.pdf */ = {isa = PBXFileReference; lastKnownFileType = image.pdf; path = channel.pdf; sourceTree = "<group>"; };
		2861C2C1116BEA11002B8514 /* channel_active.pdf */ = {isa = PBXFileReference; lastKnownFileType = image.pdf; path = channel_active.pdf; sourceTree = "<group>"; };
		2861C2C2116BEA11002B8514 /* channel_linked.pdf */ = {isa = PBXFileReference; lastKnownFileType = image.pdf; path = channel_linked.pdf; sourceTree = "<group>"; };
		2861C2C3116BEA11002B8514 /* comment.pdf */ = {isa = PBXFileReference; lastKnownFileType = image.pdf; path = comment.pdf; sourceTree = "<group>"; };
		2861C2C4116BEA11002B8514 /* comment_seen.pdf */ = {isa = PBXFileReference; lastKnownFileType = image.pdf; path = comment_seen.pdf; sourceTree = "<group>"; };
		2861C2C5116BEA11002B8514 /* deafened_self.pdf */ = {isa = PBXFileReference; lastKnownFileType = image.pdf; path = deafened_self.pdf; sourceTree = "<group>"; };
		2861C2C6116BEA11002B8514 /* deafened_server.pdf */ = {isa = PBXFileReference; lastKnownFileType = image.pdf; path = deafened_server.pdf; sourceTree = "<group>"; };
		2861C2C7116BEA11002B8514 /* Default.png */ = {isa = PBXFileReference; lastKnownFileType = image.png; path = Default.png; sourceTree = "<group>"; };
		2861C3BB116BEA11002B8514 /* icon.png */ = {isa = PBXFileReference; lastKnownFileType = image.png; path = icon.png; sourceTree = "<group>"; };
		2861C3BC116BEA11002B8514 /* layout_classic.pdf */ = {isa = PBXFileReference; lastKnownFileType = image.pdf; path = layout_classic.pdf; sourceTree = "<group>"; };
		2861C3BD116BEA11002B8514 /* layout_custom.pdf */ = {isa = PBXFileReference; lastKnownFileType = image.pdf; path = layout_custom.pdf; sourceTree = "<group>"; };
		2861C3BE116BEA11002B8514 /* layout_hybrid.pdf */ = {isa = PBXFileReference; lastKnownFileType = image.pdf; path = layout_hybrid.pdf; sourceTree = "<group>"; };
		2861C3BF116BEA11002B8514 /* layout_stacked.pdf */ = {isa = PBXFileReference; lastKnownFileType = image.pdf; path = layout_stacked.pdf; sourceTree = "<group>"; };
		2861C3C0116BEA11002B8514 /* mumble.pdf */ = {isa = PBXFileReference; lastKnownFileType = image.pdf; path = mumble.pdf; sourceTree = "<group>"; };
		2861C3C1116BEA11002B8514 /* muted_local.pdf */ = {isa = PBXFileReference; lastKnownFileType = image.pdf; path = muted_local.pdf; sourceTree = "<group>"; };
		2861C3C2116BEA11002B8514 /* muted_self.pdf */ = {isa = PBXFileReference; lastKnownFileType = image.pdf; path = muted_self.pdf; sourceTree = "<group>"; };
		2861C3C3116BEA11002B8514 /* muted_server.pdf */ = {isa = PBXFileReference; lastKnownFileType = image.pdf; path = muted_server.pdf; sourceTree = "<group>"; };
		2861C3C4116BEA11002B8514 /* muted_suppressed.pdf */ = {isa = PBXFileReference; lastKnownFileType = image.pdf; path = muted_suppressed.pdf; sourceTree = "<group>"; };
		2861C3C5116BEA11002B8514 /* rec.pdf */ = {isa = PBXFileReference; lastKnownFileType = image.pdf; path = rec.pdf; sourceTree = "<group>"; };
		2861C3C7116BEA11002B8514 /* authenticated.svg */ = {isa = PBXFileReference; fileEncoding = 4; lastKnownFileType = text.xml; path = authenticated.svg; sourceTree = "<group>"; };
		2861C3C8116BEA11002B8514 /* channel.svg */ = {isa = PBXFileReference; fileEncoding = 4; lastKnownFileType = text.xml; path = channel.svg; sourceTree = "<group>"; };
		2861C3C9116BEA11002B8514 /* channel_active.svg */ = {isa = PBXFileReference; fileEncoding = 4; lastKnownFileType = text.xml; path = channel_active.svg; sourceTree = "<group>"; };
		2861C3CA116BEA11002B8514 /* channel_linked.svg */ = {isa = PBXFileReference; fileEncoding = 4; lastKnownFileType = text.xml; path = channel_linked.svg; sourceTree = "<group>"; };
		2861C3CB116BEA11002B8514 /* comment.svg */ = {isa = PBXFileReference; fileEncoding = 4; lastKnownFileType = text.xml; path = comment.svg; sourceTree = "<group>"; };
		2861C3CC116BEA11002B8514 /* comment_seen.svg */ = {isa = PBXFileReference; fileEncoding = 4; lastKnownFileType = text.xml; path = comment_seen.svg; sourceTree = "<group>"; };
		2861C3CD116BEA11002B8514 /* deafened_self.svg */ = {isa = PBXFileReference; fileEncoding = 4; lastKnownFileType = text.xml; path = deafened_self.svg; sourceTree = "<group>"; };
		2861C3CE116BEA12002B8514 /* deafened_server.svg */ = {isa = PBXFileReference; fileEncoding = 4; lastKnownFileType = text.xml; path = deafened_server.svg; sourceTree = "<group>"; };
		2861C3CF116BEA12002B8514 /* layout_classic.svg */ = {isa = PBXFileReference; fileEncoding = 4; lastKnownFileType = text.xml; path = layout_classic.svg; sourceTree = "<group>"; };
		2861C3D0116BEA12002B8514 /* layout_custom.svg */ = {isa = PBXFileReference; fileEncoding = 4; lastKnownFileType = text.xml; path = layout_custom.svg; sourceTree = "<group>"; };
		2861C3D1116BEA12002B8514 /* layout_hybrid.svg */ = {isa = PBXFileReference; fileEncoding = 4; lastKnownFileType = text.xml; path = layout_hybrid.svg; sourceTree = "<group>"; };
		2861C3D2116BEA12002B8514 /* layout_stacked.svg */ = {isa = PBXFileReference; fileEncoding = 4; lastKnownFileType = text.xml; path = layout_stacked.svg; sourceTree = "<group>"; };
		2861C3D3116BEA12002B8514 /* mumble.svg */ = {isa = PBXFileReference; fileEncoding = 4; lastKnownFileType = text.xml; path = mumble.svg; sourceTree = "<group>"; };
		2861C3D4116BEA12002B8514 /* muted_local.svg */ = {isa = PBXFileReference; fileEncoding = 4; lastKnownFileType = text.xml; path = muted_local.svg; sourceTree = "<group>"; };
		2861C3D5116BEA12002B8514 /* muted_self.svg */ = {isa = PBXFileReference; fileEncoding = 4; lastKnownFileType = text.xml; path = muted_self.svg; sourceTree = "<group>"; };
		2861C3D6116BEA12002B8514 /* muted_server.svg */ = {isa = PBXFileReference; fileEncoding = 4; lastKnownFileType = text.xml; path = muted_server.svg; sourceTree = "<group>"; };
		2861C3D7116BEA12002B8514 /* muted_suppressed.svg */ = {isa = PBXFileReference; fileEncoding = 4; lastKnownFileType = text.xml; path = muted_suppressed.svg; sourceTree = "<group>"; };
		2861C3D8116BEA12002B8514 /* README */ = {isa = PBXFileReference; fileEncoding = 4; lastKnownFileType = text; path = README; sourceTree = "<group>"; };
		2861C3D9116BEA12002B8514 /* rec.svg */ = {isa = PBXFileReference; fileEncoding = 4; lastKnownFileType = text.xml; path = rec.svg; sourceTree = "<group>"; };
		2861C3DA116BEA12002B8514 /* talking_alt.svg */ = {isa = PBXFileReference; fileEncoding = 4; lastKnownFileType = text.xml; path = talking_alt.svg; sourceTree = "<group>"; };
		2861C3DB116BEA12002B8514 /* talking_off.svg */ = {isa = PBXFileReference; fileEncoding = 4; lastKnownFileType = text.xml; path = talking_off.svg; sourceTree = "<group>"; };
		2861C3DC116BEA12002B8514 /* talking_on.svg */ = {isa = PBXFileReference; fileEncoding = 4; lastKnownFileType = text.xml; path = talking_on.svg; sourceTree = "<group>"; };
		2861C3DD116BEA12002B8514 /* talking_whisper.svg */ = {isa = PBXFileReference; fileEncoding = 4; lastKnownFileType = text.xml; path = talking_whisper.svg; sourceTree = "<group>"; };
		2861C3DE116BEA12002B8514 /* talking_alt.pdf */ = {isa = PBXFileReference; lastKnownFileType = image.pdf; path = talking_alt.pdf; sourceTree = "<group>"; };
		2861C3DF116BEA12002B8514 /* talking_off.pdf */ = {isa = PBXFileReference; lastKnownFileType = image.pdf; path = talking_off.pdf; sourceTree = "<group>"; };
		2861C3E0116BEA12002B8514 /* talking_on.pdf */ = {isa = PBXFileReference; lastKnownFileType = image.pdf; path = talking_on.pdf; sourceTree = "<group>"; };
		2861C3E1116BEA12002B8514 /* talking_whisper.pdf */ = {isa = PBXFileReference; lastKnownFileType = image.pdf; path = talking_whisper.pdf; sourceTree = "<group>"; };
		2861C3E3116BEA12002B8514 /* Continents.plist */ = {isa = PBXFileReference; fileEncoding = 4; lastKnownFileType = text.plist.xml; path = Continents.plist; sourceTree = "<group>"; };
		2861C3E4116BEA12002B8514 /* Countries.plist */ = {isa = PBXFileReference; fileEncoding = 4; lastKnownFileType = text.plist.xml; path = Countries.plist; sourceTree = "<group>"; };
		2876394711D28945009DB8B6 /* IdentityViewController.h */ = {isa = PBXFileReference; fileEncoding = 4; lastKnownFileType = sourcecode.c.h; path = IdentityViewController.h; sourceTree = "<group>"; };
		2876394811D28945009DB8B6 /* IdentityViewController.m */ = {isa = PBXFileReference; fileEncoding = 4; lastKnownFileType = sourcecode.c.objc; path = IdentityViewController.m; sourceTree = "<group>"; };
		2876398411D28BA8009DB8B6 /* IdentityCreationViewController.h */ = {isa = PBXFileReference; fileEncoding = 4; lastKnownFileType = sourcecode.c.h; path = IdentityCreationViewController.h; sourceTree = "<group>"; };
		2876398511D28BA8009DB8B6 /* IdentityCreationViewController.m */ = {isa = PBXFileReference; fileEncoding = 4; lastKnownFileType = sourcecode.c.objc; path = IdentityCreationViewController.m; sourceTree = "<group>"; };
		287639F711D29D99009DB8B6 /* IdentityCreationProgressView.h */ = {isa = PBXFileReference; fileEncoding = 4; lastKnownFileType = sourcecode.c.h; path = IdentityCreationProgressView.h; sourceTree = "<group>"; };
		287639F811D29D99009DB8B6 /* IdentityCreationProgressView.m */ = {isa = PBXFileReference; fileEncoding = 4; lastKnownFileType = sourcecode.c.objc; path = IdentityCreationProgressView.m; sourceTree = "<group>"; };
		287639FE11D2A242009DB8B6 /* IdentityCreationProgressView.xib */ = {isa = PBXFileReference; lastKnownFileType = file.xib; name = IdentityCreationProgressView.xib; path = Resources/IdentityCreationProgressView.xib; sourceTree = "<group>"; };
		28763A4411D2AA91009DB8B6 /* QuartzCore.framework */ = {isa = PBXFileReference; lastKnownFileType = wrapper.framework; name = QuartzCore.framework; path = System/Library/Frameworks/QuartzCore.framework; sourceTree = SDKROOT; };
		28763A9411D2B056009DB8B6 /* DefaultAvatar.png */ = {isa = PBXFileReference; lastKnownFileType = image.png; name = DefaultAvatar.png; path = Resources/DefaultAvatar.png; sourceTree = "<group>"; };
		28763AE311D2B77E009DB8B6 /* UINavigationController-AnimationAdditions.m */ = {isa = PBXFileReference; fileEncoding = 4; lastKnownFileType = sourcecode.c.objc; path = "UINavigationController-AnimationAdditions.m"; sourceTree = "<group>"; };
		28763AE911D2B920009DB8B6 /* UINavigationController-AnimationAdditions.h */ = {isa = PBXFileReference; fileEncoding = 4; lastKnownFileType = sourcecode.c.h; path = "UINavigationController-AnimationAdditions.h"; sourceTree = "<group>"; };
		287852D9117BC866009E26B1 /* ServerRootViewController.h */ = {isa = PBXFileReference; fileEncoding = 4; lastKnownFileType = sourcecode.c.h; path = ServerRootViewController.h; sourceTree = "<group>"; };
		287852DA117BC866009E26B1 /* ServerRootViewController.m */ = {isa = PBXFileReference; fileEncoding = 4; lastKnownFileType = sourcecode.c.objc; path = ServerRootViewController.m; sourceTree = "<group>"; };
		287A60551176201E00DD4FFB /* ChannelViewController.h */ = {isa = PBXFileReference; fileEncoding = 4; lastKnownFileType = sourcecode.c.h; path = ChannelViewController.h; sourceTree = "<group>"; };
		287A60561176201E00DD4FFB /* ChannelViewController.m */ = {isa = PBXFileReference; fileEncoding = 4; lastKnownFileType = sourcecode.c.objc; path = ChannelViewController.m; sourceTree = "<group>"; };
		287A60571176201E00DD4FFB /* ChannelViewController.xib */ = {isa = PBXFileReference; lastKnownFileType = file.xib; path = ChannelViewController.xib; sourceTree = "<group>"; };
		287BA28E11B96C960010E031 /* Database.h */ = {isa = PBXFileReference; fileEncoding = 4; lastKnownFileType = sourcecode.c.h; path = Database.h; sourceTree = "<group>"; };
		287BA28F11B96C960010E031 /* Database.m */ = {isa = PBXFileReference; fileEncoding = 4; lastKnownFileType = sourcecode.c.objc; path = Database.m; sourceTree = "<group>"; };
		287BA33911B97C470010E031 /* FavouriteServer.h */ = {isa = PBXFileReference; fileEncoding = 4; lastKnownFileType = sourcecode.c.h; path = FavouriteServer.h; sourceTree = "<group>"; };
		287BA33A11B97C470010E031 /* FavouriteServer.m */ = {isa = PBXFileReference; fileEncoding = 4; lastKnownFileType = sourcecode.c.objc; path = FavouriteServer.m; sourceTree = "<group>"; };
		287BA33E11B97EEE0010E031 /* FavouriteServerListController.h */ = {isa = PBXFileReference; fileEncoding = 4; lastKnownFileType = sourcecode.c.h; path = FavouriteServerListController.h; sourceTree = "<group>"; };
		287BA33F11B97EEE0010E031 /* FavouriteServerListController.m */ = {isa = PBXFileReference; fileEncoding = 4; lastKnownFileType = sourcecode.c.objc; path = FavouriteServerListController.m; sourceTree = "<group>"; };
		287BA3A411B996D90010E031 /* FavouriteServerEditViewController.h */ = {isa = PBXFileReference; fileEncoding = 4; lastKnownFileType = sourcecode.c.h; path = FavouriteServerEditViewController.h; sourceTree = "<group>"; };
		287BA3A511B996D90010E031 /* FavouriteServerEditViewController.m */ = {isa = PBXFileReference; fileEncoding = 4; lastKnownFileType = sourcecode.c.objc; path = FavouriteServerEditViewController.m; sourceTree = "<group>"; };
		287BA42911B9A1DB0010E031 /* TableViewTextFieldCell.h */ = {isa = PBXFileReference; fileEncoding = 4; lastKnownFileType = sourcecode.c.h; path = TableViewTextFieldCell.h; sourceTree = "<group>"; };
		287BA42A11B9A1DB0010E031 /* TableViewTextFieldCell.m */ = {isa = PBXFileReference; fileEncoding = 4; lastKnownFileType = sourcecode.c.objc; path = TableViewTextFieldCell.m; sourceTree = "<group>"; };
		288765FC0DF74451002DB57D /* CoreGraphics.framework */ = {isa = PBXFileReference; lastKnownFileType = wrapper.framework; name = CoreGraphics.framework; path = System/Library/Frameworks/CoreGraphics.framework; sourceTree = SDKROOT; };
		289D254A11BC28BC00E39F2C /* LanServerListController.h */ = {isa = PBXFileReference; fileEncoding = 4; lastKnownFileType = sourcecode.c.h; path = LanServerListController.h; sourceTree = "<group>"; };
		289D254B11BC28BC00E39F2C /* LanServerListController.m */ = {isa = PBXFileReference; fileEncoding = 4; lastKnownFileType = sourcecode.c.objc; path = LanServerListController.m; sourceTree = "<group>"; };
		28A4CCD1117E064B006EB479 /* LogViewController.h */ = {isa = PBXFileReference; fileEncoding = 4; lastKnownFileType = sourcecode.c.h; path = LogViewController.h; sourceTree = "<group>"; };
		28A4CCD2117E064B006EB479 /* LogViewController.m */ = {isa = PBXFileReference; fileEncoding = 4; lastKnownFileType = sourcecode.c.objc; path = LogViewController.m; sourceTree = "<group>"; };
		28A4CCF3117E1D4D006EB479 /* LogEntry.h */ = {isa = PBXFileReference; fileEncoding = 4; lastKnownFileType = sourcecode.c.h; path = LogEntry.h; sourceTree = "<group>"; };
		28A4CCF4117E1D4D006EB479 /* LogEntry.m */ = {isa = PBXFileReference; fileEncoding = 4; lastKnownFileType = sourcecode.c.objc; path = LogEntry.m; sourceTree = "<group>"; };
		28AD733E0D9D9553002E5188 /* MainWindow.xib */ = {isa = PBXFileReference; lastKnownFileType = file.xib; name = MainWindow.xib; path = ../MainWindow.xib; sourceTree = "<group>"; };
		28C6EF0911BBF38100E426C8 /* CountryServerListController.m */ = {isa = PBXFileReference; fileEncoding = 4; lastKnownFileType = sourcecode.c.objc; path = CountryServerListController.m; sourceTree = "<group>"; };
		28F8B04211D97E0B006EFCBC /* sqlite3.c */ = {isa = PBXFileReference; fileEncoding = 4; lastKnownFileType = sourcecode.c.c; name = sqlite3.c; path = Dependencies/sqlite/sqlite3.c; sourceTree = "<group>"; };
		28F8B04311D97E0B006EFCBC /* sqlite3.h */ = {isa = PBXFileReference; fileEncoding = 4; lastKnownFileType = sourcecode.c.h; name = sqlite3.h; path = Dependencies/sqlite/sqlite3.h; sourceTree = "<group>"; };
		28F8B04411D97E0B006EFCBC /* sqlite3ext.h */ = {isa = PBXFileReference; fileEncoding = 4; lastKnownFileType = sourcecode.c.h; name = sqlite3ext.h; path = Dependencies/sqlite/sqlite3ext.h; sourceTree = "<group>"; };
		28F9174111B946250030D649 /* FMDatabase.h */ = {isa = PBXFileReference; fileEncoding = 4; lastKnownFileType = sourcecode.c.h; name = FMDatabase.h; path = Dependencies/fmdb/src/FMDatabase.h; sourceTree = "<group>"; };
		28F9174211B946250030D649 /* FMDatabase.m */ = {isa = PBXFileReference; fileEncoding = 4; lastKnownFileType = sourcecode.c.objc; name = FMDatabase.m; path = Dependencies/fmdb/src/FMDatabase.m; sourceTree = "<group>"; };
		28F9174311B946250030D649 /* FMDatabaseAdditions.h */ = {isa = PBXFileReference; fileEncoding = 4; lastKnownFileType = sourcecode.c.h; name = FMDatabaseAdditions.h; path = Dependencies/fmdb/src/FMDatabaseAdditions.h; sourceTree = "<group>"; };
		28F9174411B946250030D649 /* FMDatabaseAdditions.m */ = {isa = PBXFileReference; fileEncoding = 4; lastKnownFileType = sourcecode.c.objc; name = FMDatabaseAdditions.m; path = Dependencies/fmdb/src/FMDatabaseAdditions.m; sourceTree = "<group>"; };
		28F9174611B946250030D649 /* FMResultSet.h */ = {isa = PBXFileReference; fileEncoding = 4; lastKnownFileType = sourcecode.c.h; name = FMResultSet.h; path = Dependencies/fmdb/src/FMResultSet.h; sourceTree = "<group>"; };
		28F9174711B946250030D649 /* FMResultSet.m */ = {isa = PBXFileReference; fileEncoding = 4; lastKnownFileType = sourcecode.c.objc; name = FMResultSet.m; path = Dependencies/fmdb/src/FMResultSet.m; sourceTree = "<group>"; };
		29B97316FDCFA39411CA2CEA /* main.m */ = {isa = PBXFileReference; fileEncoding = 4; lastKnownFileType = sourcecode.c.objc; name = main.m; path = Source/main.m; sourceTree = "<group>"; };
		32CA4F630368D1EE00C91783 /* Mumble.pch */ = {isa = PBXFileReference; fileEncoding = 4; lastKnownFileType = sourcecode.c.h; name = Mumble.pch; path = Source/Mumble.pch; sourceTree = "<group>"; };
		8D1107310486CEB800E47090 /* Info.plist */ = {isa = PBXFileReference; fileEncoding = 4; lastKnownFileType = text.plist.xml; name = Info.plist; path = Source/Info.plist; plistStructureDefinitionIdentifier = "com.apple.xcode.plist.structure-definition.iphone.info-plist"; sourceTree = "<group>"; };
/* End PBXFileReference section */

/* Begin PBXFrameworksBuildPhase section */
		1D60588F0D05DD3D006BFB54 /* Frameworks */ = {
			isa = PBXFrameworksBuildPhase;
			buildActionMask = 2147483647;
			files = (
				1D60589F0D05DD5A006BFB54 /* Foundation.framework in Frameworks */,
				1DF5F4E00D08C38300B7A737 /* UIKit.framework in Frameworks */,
				288765FD0DF74451002DB57D /* CoreGraphics.framework in Frameworks */,
				2861C2AE116BE9B5002B8514 /* AudioToolbox.framework in Frameworks */,
				2861C2B2116BE9B7002B8514 /* CFNetwork.framework in Frameworks */,
				2861C2B6116BE9BA002B8514 /* Security.framework in Frameworks */,
				28763A4511D2AA91009DB8B6 /* QuartzCore.framework in Frameworks */,
				28B436F411C3B18C00EBFD11 /* libMumbleKit.a in Frameworks */,
			);
			runOnlyForDeploymentPostprocessing = 0;
		};
/* End PBXFrameworksBuildPhase section */

/* Begin PBXGroup section */
		080E96DDFE201D6D7F000001 /* Classes */ = {
			isa = PBXGroup;
			children = (
				28BF8E1C11D93A1900B72770 /* Database */,
				285C9E95116BEE1500A9A6A7 /* MainWindow-iPad.xib */,
				28AD733E0D9D9553002E5188 /* MainWindow.xib */,
				2861C25A116BE905002B8514 /* AboutViewController.h */,
				2861C25B116BE905002B8514 /* AboutViewController.m */,
				2861C25C116BE905002B8514 /* AboutViewController.xib */,
				2861C25D116BE905002B8514 /* AppDelegate.h */,
				2861C25E116BE905002B8514 /* AppDelegate.m */,
				2861C25F116BE905002B8514 /* CountryServerListController.h */,
				28C6EF0911BBF38100E426C8 /* CountryServerListController.m */,
				2861C264116BE905002B8514 /* PDFImageLoader.h */,
				2861C265116BE905002B8514 /* PDFImageLoader.m */,
				2861C266116BE905002B8514 /* PublicServerList.h */,
				2861C267116BE905002B8514 /* PublicServerList.m */,
				2861C268116BE905002B8514 /* PublicServerListController.h */,
				2861C269116BE905002B8514 /* PublicServerListController.m */,
				2861C26A116BE905002B8514 /* PublicServerListController.xib */,
				2861C26B116BE905002B8514 /* ServerViewController.h */,
				2861C26C116BE905002B8514 /* ServerViewController.m */,
				2861C26D116BE905002B8514 /* ServerViewController.xib */,
				2861C270116BE905002B8514 /* WelcomeScreenPhone.h */,
				2861C271116BE905002B8514 /* WelcomeScreenPhone.m */,
				2861C272116BE905002B8514 /* WelcomeScreenPhone.xib */,
				285C9EEF116BF5B100A9A6A7 /* WelcomeScreenPad.h */,
				285C9EF0116BF5B100A9A6A7 /* WelcomeScreenPad.m */,
				285C9EF1116BF5B100A9A6A7 /* WelcomeScreenPad.xib */,
				287A60551176201E00DD4FFB /* ChannelViewController.h */,
				287A60561176201E00DD4FFB /* ChannelViewController.m */,
				287A60571176201E00DD4FFB /* ChannelViewController.xib */,
				287852D9117BC866009E26B1 /* ServerRootViewController.h */,
				287852DA117BC866009E26B1 /* ServerRootViewController.m */,
				28A4CCD1117E064B006EB479 /* LogViewController.h */,
				28A4CCD2117E064B006EB479 /* LogViewController.m */,
				28A4CCF3117E1D4D006EB479 /* LogEntry.h */,
				28A4CCF4117E1D4D006EB479 /* LogEntry.m */,
				287BA33E11B97EEE0010E031 /* FavouriteServerListController.h */,
				287BA33F11B97EEE0010E031 /* FavouriteServerListController.m */,
				287BA42911B9A1DB0010E031 /* TableViewTextFieldCell.h */,
				287BA42A11B9A1DB0010E031 /* TableViewTextFieldCell.m */,
				287BA3A411B996D90010E031 /* FavouriteServerEditViewController.h */,
				287BA3A511B996D90010E031 /* FavouriteServerEditViewController.m */,
				289D254A11BC28BC00E39F2C /* LanServerListController.h */,
				289D254B11BC28BC00E39F2C /* LanServerListController.m */,
				2801C35911CA9F1A00E664E8 /* PreferencesViewController.h */,
				2801C35A11CA9F1A00E664E8 /* PreferencesViewController.m */,
				281EF08611CD721D001C6B73 /* AdvancedAudioPreferencesViewController.h */,
				281EF08711CD721D001C6B73 /* AdvancedAudioPreferencesViewController.m */,
				2830A18A11CE983B00970A41 /* DiagnosticsViewController.h */,
				2830A18B11CE983B00970A41 /* DiagnosticsViewController.m */,
				2876394711D28945009DB8B6 /* IdentityViewController.h */,
				2876394811D28945009DB8B6 /* IdentityViewController.m */,
				2876398411D28BA8009DB8B6 /* IdentityCreationViewController.h */,
				2876398511D28BA8009DB8B6 /* IdentityCreationViewController.m */,
				287639F711D29D99009DB8B6 /* IdentityCreationProgressView.h */,
				287639F811D29D99009DB8B6 /* IdentityCreationProgressView.m */,
				28763AE911D2B920009DB8B6 /* UINavigationController-AnimationAdditions.h */,
				28763AE311D2B77E009DB8B6 /* UINavigationController-AnimationAdditions.m */,
				2858DBA11233E31B000D6F75 /* VersionChecker.h */,
				2858DBA21233E31B000D6F75 /* VersionChecker.m */,
			);
			name = Classes;
			path = Source/Classes;
			sourceTree = "<group>";
		};
		19C28FACFE9D520D11CA2CBB /* Products */ = {
			isa = PBXGroup;
			children = (
				1D6058910D05DD3D006BFB54 /* Mumble.app */,
			);
			name = Products;
			sourceTree = "<group>";
		};
		2861C28C116BE90B002B8514 /* Dependencies */ = {
			isa = PBXGroup;
			children = (
				28F8B04011D97E00006EFCBC /* sqlite */,
				28F9173911B9460D0030D649 /* fmdb */,
				2861C28E116BE91B002B8514 /* MumbleKit.xcodeproj */,
			);
			name = Dependencies;
			sourceTree = "<group>";
		};
		2861C28F116BE91B002B8514 /* Products */ = {
			isa = PBXGroup;
			children = (
				2861C2A7116BE91B002B8514 /* libMumbleKit.a */,
				2809ABAF11BFC524006BCD26 /* MumbleKit.framework */,
			);
			name = Products;
			sourceTree = "<group>";
		};
		2861C2BB116BEA11002B8514 /* about */ = {
			isa = PBXGroup;
			children = (
				2861C2BC116BEA11002B8514 /* Contributors.html */,
				2861C2BD116BEA11002B8514 /* Legal.html */,
			);
			name = about;
			path = Resources/about;
			sourceTree = "<group>";
		};
		2861C2BE116BEA11002B8514 /* icons */ = {
			isa = PBXGroup;
			children = (
				2861C2BF116BEA11002B8514 /* authenticated.pdf */,
				2861C2C0116BEA11002B8514 /* channel.pdf */,
				2861C2C1116BEA11002B8514 /* channel_active.pdf */,
				2861C2C2116BEA11002B8514 /* channel_linked.pdf */,
				2861C2C3116BEA11002B8514 /* comment.pdf */,
				2861C2C4116BEA11002B8514 /* comment_seen.pdf */,
				2861C2C5116BEA11002B8514 /* deafened_self.pdf */,
				2861C2C6116BEA11002B8514 /* deafened_server.pdf */,
				2861C2C7116BEA11002B8514 /* Default.png */,
				2861C3BB116BEA11002B8514 /* icon.png */,
				2861C3BC116BEA11002B8514 /* layout_classic.pdf */,
				2861C3BD116BEA11002B8514 /* layout_custom.pdf */,
				2861C3BE116BEA11002B8514 /* layout_hybrid.pdf */,
				2861C3BF116BEA11002B8514 /* layout_stacked.pdf */,
				2861C3C0116BEA11002B8514 /* mumble.pdf */,
				2861C3C1116BEA11002B8514 /* muted_local.pdf */,
				2861C3C2116BEA11002B8514 /* muted_self.pdf */,
				2861C3C3116BEA11002B8514 /* muted_server.pdf */,
				2861C3C4116BEA11002B8514 /* muted_suppressed.pdf */,
				2861C3C5116BEA11002B8514 /* rec.pdf */,
				2861C3C6116BEA11002B8514 /* svg */,
				2861C3DE116BEA12002B8514 /* talking_alt.pdf */,
				2861C3DF116BEA12002B8514 /* talking_off.pdf */,
				2861C3E0116BEA12002B8514 /* talking_on.pdf */,
				2861C3E1116BEA12002B8514 /* talking_whisper.pdf */,
			);
			name = icons;
			path = Resources/icons;
			sourceTree = "<group>";
		};
		2861C3C6116BEA11002B8514 /* svg */ = {
			isa = PBXGroup;
			children = (
				2861C3C7116BEA11002B8514 /* authenticated.svg */,
				2861C3C8116BEA11002B8514 /* channel.svg */,
				2861C3C9116BEA11002B8514 /* channel_active.svg */,
				2861C3CA116BEA11002B8514 /* channel_linked.svg */,
				2861C3CB116BEA11002B8514 /* comment.svg */,
				2861C3CC116BEA11002B8514 /* comment_seen.svg */,
				2861C3CD116BEA11002B8514 /* deafened_self.svg */,
				2861C3CE116BEA12002B8514 /* deafened_server.svg */,
				2861C3CF116BEA12002B8514 /* layout_classic.svg */,
				2861C3D0116BEA12002B8514 /* layout_custom.svg */,
				2861C3D1116BEA12002B8514 /* layout_hybrid.svg */,
				2861C3D2116BEA12002B8514 /* layout_stacked.svg */,
				2861C3D3116BEA12002B8514 /* mumble.svg */,
				2861C3D4116BEA12002B8514 /* muted_local.svg */,
				2861C3D5116BEA12002B8514 /* muted_self.svg */,
				2861C3D6116BEA12002B8514 /* muted_server.svg */,
				2861C3D7116BEA12002B8514 /* muted_suppressed.svg */,
				2861C3D8116BEA12002B8514 /* README */,
				2861C3D9116BEA12002B8514 /* rec.svg */,
				2861C3DA116BEA12002B8514 /* talking_alt.svg */,
				2861C3DB116BEA12002B8514 /* talking_off.svg */,
				2861C3DC116BEA12002B8514 /* talking_on.svg */,
				2861C3DD116BEA12002B8514 /* talking_whisper.svg */,
			);
			path = svg;
			sourceTree = "<group>";
		};
		2861C3E2116BEA12002B8514 /* serverlist */ = {
			isa = PBXGroup;
			children = (
				2861C3E3116BEA12002B8514 /* Continents.plist */,
				2861C3E4116BEA12002B8514 /* Countries.plist */,
			);
			name = serverlist;
			path = Resources/serverlist;
			sourceTree = "<group>";
		};
		28BF8E1C11D93A1900B72770 /* Database */ = {
			isa = PBXGroup;
			children = (
				287BA28E11B96C960010E031 /* Database.h */,
				287BA28F11B96C960010E031 /* Database.m */,
				287BA33911B97C470010E031 /* FavouriteServer.h */,
				287BA33A11B97C470010E031 /* FavouriteServer.m */,
				281D1BA311D66E3C006BE21C /* Identity.h */,
				281D1BA411D66E3C006BE21C /* Identity.m */,
			);
			name = Database;
			sourceTree = "<group>";
		};
		28F8B04011D97E00006EFCBC /* sqlite */ = {
			isa = PBXGroup;
			children = (
				28F8B04211D97E0B006EFCBC /* sqlite3.c */,
				28F8B04311D97E0B006EFCBC /* sqlite3.h */,
				28F8B04411D97E0B006EFCBC /* sqlite3ext.h */,
			);
			name = sqlite;
			sourceTree = "<group>";
		};
		28F9173911B9460D0030D649 /* fmdb */ = {
			isa = PBXGroup;
			children = (
				28F9174111B946250030D649 /* FMDatabase.h */,
				28F9174211B946250030D649 /* FMDatabase.m */,
				28F9174311B946250030D649 /* FMDatabaseAdditions.h */,
				28F9174411B946250030D649 /* FMDatabaseAdditions.m */,
				28F9174611B946250030D649 /* FMResultSet.h */,
				28F9174711B946250030D649 /* FMResultSet.m */,
			);
			name = fmdb;
			sourceTree = "<group>";
		};
		29B97314FDCFA39411CA2CEA /* CustomTemplate */ = {
			isa = PBXGroup;
			children = (
				2861C28C116BE90B002B8514 /* Dependencies */,
				080E96DDFE201D6D7F000001 /* Classes */,
				29B97315FDCFA39411CA2CEA /* Other Sources */,
				29B97317FDCFA39411CA2CEA /* Resources */,
				29B97323FDCFA39411CA2CEA /* Frameworks */,
				19C28FACFE9D520D11CA2CBB /* Products */,
			);
			name = CustomTemplate;
			sourceTree = "<group>";
		};
		29B97315FDCFA39411CA2CEA /* Other Sources */ = {
			isa = PBXGroup;
			children = (
				8D1107310486CEB800E47090 /* Info.plist */,
				32CA4F630368D1EE00C91783 /* Mumble.pch */,
				29B97316FDCFA39411CA2CEA /* main.m */,
			);
			name = "Other Sources";
			sourceTree = "<group>";
		};
		29B97317FDCFA39411CA2CEA /* Resources */ = {
			isa = PBXGroup;
			children = (
				28763A9411D2B056009DB8B6 /* DefaultAvatar.png */,
				287639FE11D2A242009DB8B6 /* IdentityCreationProgressView.xib */,
				2861C2BB116BEA11002B8514 /* about */,
				2861C2BE116BEA11002B8514 /* icons */,
				2861C3E2116BEA12002B8514 /* serverlist */,
			);
			name = Resources;
			sourceTree = "<group>";
		};
		29B97323FDCFA39411CA2CEA /* Frameworks */ = {
			isa = PBXGroup;
			children = (
				28763A4411D2AA91009DB8B6 /* QuartzCore.framework */,
				2861C2B1116BE9B7002B8514 /* CFNetwork.framework */,
				2861C2B5116BE9BA002B8514 /* Security.framework */,
				2861C2AD116BE9B5002B8514 /* AudioToolbox.framework */,
				1DF5F4DF0D08C38300B7A737 /* UIKit.framework */,
				1D30AB110D05D00D00671497 /* Foundation.framework */,
				288765FC0DF74451002DB57D /* CoreGraphics.framework */,
			);
			name = Frameworks;
			sourceTree = "<group>";
		};
/* End PBXGroup section */

/* Begin PBXNativeTarget section */
		1D6058900D05DD3D006BFB54 /* Mumble */ = {
			isa = PBXNativeTarget;
			buildConfigurationList = 1D6058960D05DD3E006BFB54 /* Build configuration list for PBXNativeTarget "Mumble" */;
			buildPhases = (
				1D60588D0D05DD3D006BFB54 /* Resources */,
				1D60588E0D05DD3D006BFB54 /* Sources */,
				1D60588F0D05DD3D006BFB54 /* Frameworks */,
				2830A26311CEA89100970A41 /* Info.plist Extras */,
			);
			buildRules = (
			);
			dependencies = (
				2861C2A9116BE920002B8514 /* PBXTargetDependency */,
			);
			name = Mumble;
			productName = Mumble;
			productReference = 1D6058910D05DD3D006BFB54 /* Mumble.app */;
			productType = "com.apple.product-type.application";
		};
/* End PBXNativeTarget section */

/* Begin PBXProject section */
		29B97313FDCFA39411CA2CEA /* Project object */ = {
			isa = PBXProject;
			buildConfigurationList = C01FCF4E08A954540054247B /* Build configuration list for PBXProject "Mumble" */;
			compatibilityVersion = "Xcode 3.1";
			developmentRegion = English;
			hasScannedForEncodings = 1;
			knownRegions = (
				English,
				Japanese,
				French,
				German,
			);
			mainGroup = 29B97314FDCFA39411CA2CEA /* CustomTemplate */;
			projectDirPath = "";
			projectReferences = (
				{
					ProductGroup = 2861C28F116BE91B002B8514 /* Products */;
					ProjectRef = 2861C28E116BE91B002B8514 /* MumbleKit.xcodeproj */;
				},
			);
			projectRoot = "";
			targets = (
				1D6058900D05DD3D006BFB54 /* Mumble */,
			);
		};
/* End PBXProject section */

/* Begin PBXReferenceProxy section */
		2809ABAF11BFC524006BCD26 /* MumbleKit.framework */ = {
			isa = PBXReferenceProxy;
			fileType = wrapper.framework;
			path = MumbleKit.framework;
			remoteRef = 2809ABAE11BFC524006BCD26 /* PBXContainerItemProxy */;
			sourceTree = BUILT_PRODUCTS_DIR;
		};
		2861C2A7116BE91B002B8514 /* libMumbleKit.a */ = {
			isa = PBXReferenceProxy;
			fileType = archive.ar;
			path = libMumbleKit.a;
			remoteRef = 2861C2A6116BE91B002B8514 /* PBXContainerItemProxy */;
			sourceTree = BUILT_PRODUCTS_DIR;
		};
/* End PBXReferenceProxy section */

/* Begin PBXResourcesBuildPhase section */
		1D60588D0D05DD3D006BFB54 /* Resources */ = {
			isa = PBXResourcesBuildPhase;
			buildActionMask = 2147483647;
			files = (
				28AD733F0D9D9553002E5188 /* MainWindow.xib in Resources */,
				2861C275116BE905002B8514 /* AboutViewController.xib in Resources */,
				2861C27D116BE905002B8514 /* PublicServerListController.xib in Resources */,
				2861C27F116BE905002B8514 /* ServerViewController.xib in Resources */,
				2861C282116BE905002B8514 /* WelcomeScreenPhone.xib in Resources */,
				2861C3E5116BEA12002B8514 /* Contributors.html in Resources */,
				2861C3E6116BEA12002B8514 /* Legal.html in Resources */,
				2861C3E7116BEA12002B8514 /* authenticated.pdf in Resources */,
				2861C3E8116BEA12002B8514 /* channel.pdf in Resources */,
				2861C3E9116BEA12002B8514 /* channel_active.pdf in Resources */,
				2861C3EA116BEA12002B8514 /* channel_linked.pdf in Resources */,
				2861C3EB116BEA12002B8514 /* comment.pdf in Resources */,
				2861C3EC116BEA12002B8514 /* comment_seen.pdf in Resources */,
				2861C3ED116BEA12002B8514 /* deafened_self.pdf in Resources */,
				2861C3EE116BEA12002B8514 /* deafened_server.pdf in Resources */,
				2861C3EF116BEA12002B8514 /* Default.png in Resources */,
				2861C4E2116BEA12002B8514 /* icon.png in Resources */,
				2861C4E3116BEA12002B8514 /* layout_classic.pdf in Resources */,
				2861C4E4116BEA12002B8514 /* layout_custom.pdf in Resources */,
				2861C4E5116BEA12002B8514 /* layout_hybrid.pdf in Resources */,
				2861C4E6116BEA12002B8514 /* layout_stacked.pdf in Resources */,
				2861C4E7116BEA12002B8514 /* mumble.pdf in Resources */,
				2861C4E8116BEA12002B8514 /* muted_local.pdf in Resources */,
				2861C4E9116BEA12002B8514 /* muted_self.pdf in Resources */,
				2861C4EA116BEA12002B8514 /* muted_server.pdf in Resources */,
				2861C4EB116BEA12002B8514 /* muted_suppressed.pdf in Resources */,
				2861C4EC116BEA12002B8514 /* rec.pdf in Resources */,
				2861C4ED116BEA12002B8514 /* authenticated.svg in Resources */,
				2861C4EE116BEA12002B8514 /* channel.svg in Resources */,
				2861C4EF116BEA12002B8514 /* channel_active.svg in Resources */,
				2861C4F0116BEA12002B8514 /* channel_linked.svg in Resources */,
				2861C4F1116BEA12002B8514 /* comment.svg in Resources */,
				2861C4F2116BEA12002B8514 /* comment_seen.svg in Resources */,
				2861C4F3116BEA12002B8514 /* deafened_self.svg in Resources */,
				2861C4F4116BEA12002B8514 /* deafened_server.svg in Resources */,
				2861C4F5116BEA12002B8514 /* layout_classic.svg in Resources */,
				2861C4F6116BEA12002B8514 /* layout_custom.svg in Resources */,
				2861C4F7116BEA12002B8514 /* layout_hybrid.svg in Resources */,
				2861C4F8116BEA12002B8514 /* layout_stacked.svg in Resources */,
				2861C4F9116BEA12002B8514 /* mumble.svg in Resources */,
				2861C4FA116BEA12002B8514 /* muted_local.svg in Resources */,
				2861C4FB116BEA12002B8514 /* muted_self.svg in Resources */,
				2861C4FC116BEA12002B8514 /* muted_server.svg in Resources */,
				2861C4FD116BEA12002B8514 /* muted_suppressed.svg in Resources */,
				2861C4FE116BEA12002B8514 /* README in Resources */,
				2861C4FF116BEA12002B8514 /* rec.svg in Resources */,
				2861C500116BEA12002B8514 /* talking_alt.svg in Resources */,
				2861C501116BEA12002B8514 /* talking_off.svg in Resources */,
				2861C502116BEA12002B8514 /* talking_on.svg in Resources */,
				2861C503116BEA12002B8514 /* talking_whisper.svg in Resources */,
				2861C504116BEA12002B8514 /* talking_alt.pdf in Resources */,
				2861C505116BEA12002B8514 /* talking_off.pdf in Resources */,
				2861C506116BEA12002B8514 /* talking_on.pdf in Resources */,
				2861C507116BEA12002B8514 /* talking_whisper.pdf in Resources */,
				2861C508116BEA12002B8514 /* Continents.plist in Resources */,
				2861C509116BEA12002B8514 /* Countries.plist in Resources */,
				285C9E96116BEE1500A9A6A7 /* MainWindow-iPad.xib in Resources */,
				285C9EF3116BF5B100A9A6A7 /* WelcomeScreenPad.xib in Resources */,
				287A60581176201E00DD4FFB /* ChannelViewController.m in Resources */,
				287A60591176201E00DD4FFB /* ChannelViewController.xib in Resources */,
				2876394911D28945009DB8B6 /* IdentityViewController.m in Resources */,
				287639FF11D2A242009DB8B6 /* IdentityCreationProgressView.xib in Resources */,
				28763A9511D2B056009DB8B6 /* DefaultAvatar.png in Resources */,
			);
			runOnlyForDeploymentPostprocessing = 0;
		};
/* End PBXResourcesBuildPhase section */

/* Begin PBXShellScriptBuildPhase section */
		2830A26311CEA89100970A41 /* Info.plist Extras */ = {
			isa = PBXShellScriptBuildPhase;
			buildActionMask = 2147483647;
			files = (
			);
			inputPaths = (
			);
			name = "Info.plist Extras";
			outputPaths = (
			);
			runOnlyForDeploymentPostprocessing = 0;
			shellPath = /bin/sh;
			shellScript = "PLIST=${TARGET_BUILD_DIR}/Mumble.app/Info\n\nexport PATH=$PATH:$HOME/.local/bin\ncd ${PROJECT_DIR}\n\n# Git revision\ngitrev=$(git show HEAD | grep commit | sed 's,commit\\ ,,' | head -c12)\ndefaults write ${PLIST} MumbleGitRevision -string \"${gitrev}\"\n\n# Build date\nbuilddate=$(python -B -c 'import datetime; print datetime.datetime.utcnow().strftime(\"%Y-%m-%dT%H:%M:%SZ\")')\ndefaults write ${PLIST} MumbleBuildDate -date \"${builddate}\"";
		};
/* End PBXShellScriptBuildPhase section */

/* Begin PBXSourcesBuildPhase section */
		1D60588E0D05DD3D006BFB54 /* Sources */ = {
			isa = PBXSourcesBuildPhase;
			buildActionMask = 2147483647;
			files = (
				2876396711D28A25009DB8B6 /* IdentityViewController.m in Sources */,
				287A60AA117628FE00DD4FFB /* ChannelViewController.m in Sources */,
				1D60589B0D05DD56006BFB54 /* main.m in Sources */,
				2861C274116BE905002B8514 /* AboutViewController.m in Sources */,
				2861C276116BE905002B8514 /* AppDelegate.m in Sources */,
				2861C27A116BE905002B8514 /* PDFImageLoader.m in Sources */,
				2861C27B116BE905002B8514 /* PublicServerList.m in Sources */,
				2861C27C116BE905002B8514 /* PublicServerListController.m in Sources */,
				2861C27E116BE905002B8514 /* ServerViewController.m in Sources */,
				2861C281116BE905002B8514 /* WelcomeScreenPhone.m in Sources */,
				285C9EF2116BF5B100A9A6A7 /* WelcomeScreenPad.m in Sources */,
				287852DB117BC866009E26B1 /* ServerRootViewController.m in Sources */,
				28A4CCD3117E064B006EB479 /* LogViewController.m in Sources */,
				28A4CCF5117E1D4D006EB479 /* LogEntry.m in Sources */,
				28F9174811B946250030D649 /* FMDatabase.m in Sources */,
				28F9174911B946250030D649 /* FMDatabaseAdditions.m in Sources */,
				28F9174B11B946250030D649 /* FMResultSet.m in Sources */,
				287BA29011B96C960010E031 /* Database.m in Sources */,
				287BA33B11B97C470010E031 /* FavouriteServer.m in Sources */,
				287BA34011B97EEE0010E031 /* FavouriteServerListController.m in Sources */,
				287BA3A611B996D90010E031 /* FavouriteServerEditViewController.m in Sources */,
				287BA42B11B9A1DB0010E031 /* TableViewTextFieldCell.m in Sources */,
				28C6EF0A11BBF38100E426C8 /* CountryServerListController.m in Sources */,
				289D254C11BC28BC00E39F2C /* LanServerListController.m in Sources */,
				2801C35B11CA9F1A00E664E8 /* PreferencesViewController.m in Sources */,
				281EF08811CD721D001C6B73 /* AdvancedAudioPreferencesViewController.m in Sources */,
				2830A18C11CE983B00970A41 /* DiagnosticsViewController.m in Sources */,
				2876398611D28BA8009DB8B6 /* IdentityCreationViewController.m in Sources */,
				287639F911D29D99009DB8B6 /* IdentityCreationProgressView.m in Sources */,
				28763AE411D2B77E009DB8B6 /* UINavigationController-AnimationAdditions.m in Sources */,
				281D1BA511D66E3C006BE21C /* Identity.m in Sources */,
				28F8B04511D97E0B006EFCBC /* sqlite3.c in Sources */,
				2858DBA31233E31B000D6F75 /* VersionChecker.m in Sources */,
			);
			runOnlyForDeploymentPostprocessing = 0;
		};
/* End PBXSourcesBuildPhase section */

/* Begin PBXTargetDependency section */
		2861C2A9116BE920002B8514 /* PBXTargetDependency */ = {
			isa = PBXTargetDependency;
			name = MumbleKit;
			targetProxy = 2861C2A8116BE920002B8514 /* PBXContainerItemProxy */;
		};
/* End PBXTargetDependency section */

/* Begin XCBuildConfiguration section */
		1D6058940D05DD3E006BFB54 /* Debug */ = {
			isa = XCBuildConfiguration;
			buildSettings = {
				ALWAYS_SEARCH_USER_PATHS = NO;
				ARCHS = "$(ARCHS_UNIVERSAL_IPHONE_OS)";
				COPY_PHASE_STRIP = NO;
				FRAMEWORK_SEARCH_PATHS = "";
				GCC_DYNAMIC_NO_PIC = NO;
				GCC_OPTIMIZATION_LEVEL = 0;
				GCC_PRECOMPILE_PREFIX_HEADER = YES;
				GCC_PREFIX_HEADER = Source/Mumble.pch;
				HEADER_SEARCH_PATHS = (
					"${PROJECT_DIR}/MumbleKit/src/",
					"${PROJECT_DIR}/Dependencies/fmdb/src/",
					"${PROJECT_DIR}/Dependencies/sqlite/",
				);
				INFOPLIST_FILE = Source/Info.plist;
				OTHER_CFLAGS = "";
				OTHER_LDFLAGS = "-ObjC";
				PRODUCT_NAME = Mumble;
				SDKROOT = iphoneos4.1;
				TARGETED_DEVICE_FAMILY = "1,2";
				USER_HEADER_SEARCH_PATHS = "${PROJECT_DIR}/Dependencies/sqlite/";
			};
			name = Debug;
		};
		1D6058950D05DD3E006BFB54 /* Release */ = {
			isa = XCBuildConfiguration;
			buildSettings = {
				ALWAYS_SEARCH_USER_PATHS = NO;
				ARCHS = "$(ARCHS_UNIVERSAL_IPHONE_OS)";
				COPY_PHASE_STRIP = YES;
				FRAMEWORK_SEARCH_PATHS = "";
				GCC_PRECOMPILE_PREFIX_HEADER = YES;
				GCC_PREFIX_HEADER = Source/Mumble.pch;
				HEADER_SEARCH_PATHS = (
					"${PROJECT_DIR}/MumbleKit/src/",
					"${PROJECT_DIR}/Dependencies/fmdb/src/",
					"${PROJECT_DIR}/Dependencies/sqlite/",
				);
				INFOPLIST_FILE = Source/Info.plist;
				OTHER_CFLAGS = "";
				OTHER_LDFLAGS = "-ObjC";
				PRODUCT_NAME = Mumble;
				SDKROOT = iphoneos4.1;
				TARGETED_DEVICE_FAMILY = "1,2";
				USER_HEADER_SEARCH_PATHS = "${PROJECT_DIR}/Dependencies/sqlite/";
				VALIDATE_PRODUCT = YES;
			};
			name = Release;
		};
		28BC1E7A1227155500C03FCF /* BetaDist */ = {
			isa = XCBuildConfiguration;
			buildSettings = {
				ARCHS = "$(ARCHS_UNIVERSAL_IPHONE_OS)";
				"CODE_SIGN_IDENTITY[sdk=iphoneos*]" = "iPhone Developer";
				GCC_C_LANGUAGE_STANDARD = c99;
				GCC_VERSION = com.apple.compilers.llvm.clang.1_0;
				GCC_WARN_ABOUT_RETURN_TYPE = YES;
				GCC_WARN_UNUSED_VARIABLE = YES;
				IPHONEOS_DEPLOYMENT_TARGET = 3.2;
				OTHER_CFLAGS = "-DNS_BLOCK_ASSERTIONS=1";
				PREBINDING = NO;
				SDKROOT = iphoneos4.1;
				TARGETED_DEVICE_FAMILY = "1,2";
			};
			name = BetaDist;
		};
		28BC1E7B1227155500C03FCF /* BetaDist */ = {
			isa = XCBuildConfiguration;
			buildSettings = {
				ALWAYS_SEARCH_USER_PATHS = NO;
				ARCHS = "$(ARCHS_UNIVERSAL_IPHONE_OS)";
				CODE_SIGN_IDENTITY = "iPhone Distribution: Mikkel Krautz";
				"CODE_SIGN_IDENTITY[sdk=iphoneos*]" = "iPhone Distribution: Mikkel Krautz";
				COPY_PHASE_STRIP = YES;
				FRAMEWORK_SEARCH_PATHS = "";
				GCC_PRECOMPILE_PREFIX_HEADER = YES;
				GCC_PREFIX_HEADER = Source/Mumble.pch;
				HEADER_SEARCH_PATHS = (
					"${PROJECT_DIR}/MumbleKit/src/",
					"${PROJECT_DIR}/Dependencies/fmdb/src/",
					"${PROJECT_DIR}/Dependencies/sqlite/",
				);
				INFOPLIST_FILE = Source/Info.plist;
				OTHER_CFLAGS = "";
				OTHER_LDFLAGS = "-ObjC";
				PRODUCT_NAME = Mumble;
				SDKROOT = iphoneos4.1;
				TARGETED_DEVICE_FAMILY = "1,2";
				USER_HEADER_SEARCH_PATHS = "${PROJECT_DIR}/Dependencies/sqlite/";
				VALIDATE_PRODUCT = YES;
			};
			name = BetaDist;
		};
		C01FCF4F08A954540054247B /* Debug */ = {
			isa = XCBuildConfiguration;
			buildSettings = {
				ARCHS = "$(ARCHS_UNIVERSAL_IPHONE_OS)";
				"CODE_SIGN_IDENTITY[sdk=iphoneos*]" = "iPhone Developer";
				GCC_C_LANGUAGE_STANDARD = c99;
				GCC_VERSION = com.apple.compilers.llvm.clang.1_0;
				GCC_WARN_ABOUT_RETURN_TYPE = YES;
				GCC_WARN_UNUSED_VARIABLE = YES;
				IPHONEOS_DEPLOYMENT_TARGET = 3.2;
				PREBINDING = NO;
				SDKROOT = iphoneos4.1;
				TARGETED_DEVICE_FAMILY = "1,2";
			};
			name = Debug;
		};
		C01FCF5008A954540054247B /* Release */ = {
			isa = XCBuildConfiguration;
			buildSettings = {
				ARCHS = "$(ARCHS_UNIVERSAL_IPHONE_OS)";
				"CODE_SIGN_IDENTITY[sdk=iphoneos*]" = "iPhone Developer";
				GCC_C_LANGUAGE_STANDARD = c99;
				GCC_VERSION = com.apple.compilers.llvm.clang.1_0;
				GCC_WARN_ABOUT_RETURN_TYPE = YES;
				GCC_WARN_UNUSED_VARIABLE = YES;
				IPHONEOS_DEPLOYMENT_TARGET = 3.2;
				OTHER_CFLAGS = "-DNS_BLOCK_ASSERTIONS=1";
				PREBINDING = NO;
				SDKROOT = iphoneos4.1;
				TARGETED_DEVICE_FAMILY = "1,2";
			};
			name = Release;
		};
/* End XCBuildConfiguration section */

/* Begin XCConfigurationList section */
		1D6058960D05DD3E006BFB54 /* Build configuration list for PBXNativeTarget "Mumble" */ = {
			isa = XCConfigurationList;
			buildConfigurations = (
				1D6058940D05DD3E006BFB54 /* Debug */,
				1D6058950D05DD3E006BFB54 /* Release */,
				28BC1E7B1227155500C03FCF /* BetaDist */,
			);
			defaultConfigurationIsVisible = 0;
			defaultConfigurationName = Release;
		};
		C01FCF4E08A954540054247B /* Build configuration list for PBXProject "Mumble" */ = {
			isa = XCConfigurationList;
			buildConfigurations = (
				C01FCF4F08A954540054247B /* Debug */,
				C01FCF5008A954540054247B /* Release */,
				28BC1E7A1227155500C03FCF /* BetaDist */,
			);
			defaultConfigurationIsVisible = 0;
			defaultConfigurationName = Release;
		};
/* End XCConfigurationList section */
	};
	rootObject = 29B97313FDCFA39411CA2CEA /* Project object */;
}
